
Microsoft Visual Studio Solution File, Format Version 11.00
# Visual Studio 2010
Project("{FAE04EC0-301F-11D3-BF4B-00C04F79EFBC}") = "Dobberman.Web", "Dobberman.Web\Dobberman.Web.csproj", "{3833DBCF-A3CA-4590-97A6-B07429F551FF}"
EndProject
Project("{FAE04EC0-301F-11D3-BF4B-00C04F79EFBC}") = "Dobberman.Phone", "Dobberman.Phone\Dobberman.Phone.csproj", "{D9424134-3C6D-4DE8-B632-2364D6E83A0F}"
	ProjectSection(ProjectDependencies) = postProject
		{8F1CFC75-A9ED-44ED-BE73-86D8C8F3BBAF} = {8F1CFC75-A9ED-44ED-BE73-86D8C8F3BBAF}
		{3833DBCF-A3CA-4590-97A6-B07429F551FF} = {3833DBCF-A3CA-4590-97A6-B07429F551FF}
	EndProjectSection
EndProject
Project("{FAE04EC0-301F-11D3-BF4B-00C04F79EFBC}") = "WindowsPhoneCloud.StorageClient", "WindowsPhoneCloud.StorageClient\WindowsPhoneCloud.StorageClient.csproj", "{B07FCEC6-A640-49CF-A8B0-28C3CABC3F4E}"
EndProject
Project("{FAE04EC0-301F-11D3-BF4B-00C04F79EFBC}") = "Microsoft.Samples.Data.Services.Client", "Data.Services.Client\Microsoft.Samples.Data.Services.Client.csproj", "{4FE8D3CE-A4D7-426A-9D51-E22DC4D470A9}"
EndProject
Project("{CC5FD16D-436D-48AD-A40C-5A424C6E3E79}") = "Dobberman", "Dobberman\Dobberman.ccproj", "{D5AF6EEA-9D10-40D9-8329-82576C7F49FC}"
EndProject
Project("{FAE04EC0-301F-11D3-BF4B-00C04F79EFBC}") = "Dobberman.WebRole", "Dobberman.WebRole\Dobberman.WebRole.csproj", "{8F1CFC75-A9ED-44ED-BE73-86D8C8F3BBAF}"
EndProject
Global
	GlobalSection(SubversionScc) = preSolution
		Svn-Managed = True
		Manager = AnkhSVN - Subversion Support for Visual Studio
	EndGlobalSection
	GlobalSection(SolutionConfigurationPlatforms) = preSolution
		Debug|Any CPU = Debug|Any CPU
		Release|Any CPU = Release|Any CPU
	EndGlobalSection
	GlobalSection(ProjectConfigurationPlatforms) = postSolution
		{3833DBCF-A3CA-4590-97A6-B07429F551FF}.Debug|Any CPU.ActiveCfg = Debug|Any CPU
		{3833DBCF-A3CA-4590-97A6-B07429F551FF}.Release|Any CPU.ActiveCfg = Release|Any CPU
		{3833DBCF-A3CA-4590-97A6-B07429F551FF}.Release|Any CPU.Build.0 = Release|Any CPU
		{D9424134-3C6D-4DE8-B632-2364D6E83A0F}.Debug|Any CPU.ActiveCfg = Debug|Any CPU
		{D9424134-3C6D-4DE8-B632-2364D6E83A0F}.Debug|Any CPU.Build.0 = Debug|Any CPU
		{D9424134-3C6D-4DE8-B632-2364D6E83A0F}.Debug|Any CPU.Deploy.0 = Debug|Any CPU
		{D9424134-3C6D-4DE8-B632-2364D6E83A0F}.Release|Any CPU.ActiveCfg = Release|Any CPU
		{D9424134-3C6D-4DE8-B632-2364D6E83A0F}.Release|Any CPU.Build.0 = Release|Any CPU
		{D9424134-3C6D-4DE8-B632-2364D6E83A0F}.Release|Any CPU.Deploy.0 = Release|Any CPU
		{B07FCEC6-A640-49CF-A8B0-28C3CABC3F4E}.Debug|Any CPU.ActiveCfg = Debug|Any CPU
		{B07FCEC6-A640-49CF-A8B0-28C3CABC3F4E}.Debug|Any CPU.Build.0 = Debug|Any CPU
		{B07FCEC6-A640-49CF-A8B0-28C3CABC3F4E}.Release|Any CPU.ActiveCfg = Release|Any CPU
		{B07FCEC6-A640-49CF-A8B0-28C3CABC3F4E}.Release|Any CPU.Build.0 = Release|Any CPU
		{4FE8D3CE-A4D7-426A-9D51-E22DC4D470A9}.Debug|Any CPU.ActiveCfg = Debug|Any CPU
		{4FE8D3CE-A4D7-426A-9D51-E22DC4D470A9}.Debug|Any CPU.Build.0 = Debug|Any CPU
		{4FE8D3CE-A4D7-426A-9D51-E22DC4D470A9}.Release|Any CPU.ActiveCfg = Release|Any CPU
		{4FE8D3CE-A4D7-426A-9D51-E22DC4D470A9}.Release|Any CPU.Build.0 = Release|Any CPU
		{D5AF6EEA-9D10-40D9-8329-82576C7F49FC}.Debug|Any CPU.ActiveCfg = Debug|Any CPU
		{D5AF6EEA-9D10-40D9-8329-82576C7F49FC}.Debug|Any CPU.Build.0 = Debug|Any CPU
		{D5AF6EEA-9D10-40D9-8329-82576C7F49FC}.Release|Any CPU.ActiveCfg = Release|Any CPU
		{D5AF6EEA-9D10-40D9-8329-82576C7F49FC}.Release|Any CPU.Build.0 = Release|Any CPU
		{8F1CFC75-A9ED-44ED-BE73-86D8C8F3BBAF}.Debug|Any CPU.ActiveCfg = Debug|Any CPU
		{8F1CFC75-A9ED-44ED-BE73-86D8C8F3BBAF}.Debug|Any CPU.Build.0 = Debug|Any CPU
		{8F1CFC75-A9ED-44ED-BE73-86D8C8F3BBAF}.Release|Any CPU.ActiveCfg = Release|Any CPU
		{8F1CFC75-A9ED-44ED-BE73-86D8C8F3BBAF}.Release|Any CPU.Build.0 = Release|Any CPU
	EndGlobalSection
	GlobalSection(SolutionProperties) = preSolution
		HideSolutionNode = FALSE
	EndGlobalSection
EndGlobal
